
Microsoft Visual Studio Solution File, Format Version 12.00
# Visual Studio Version 17
VisualStudioVersion = 17.1.32210.238
MinimumVisualStudioVersion = 10.0.40219.1
Project("{FAE04EC0-301F-11D3-BF4B-00C04F79EFBC}") = "ProjekatLogin.Android", "ProjekatLogin\ProjekatLogin.Android\ProjekatLogin.Android.csproj", "{8D0B222F-D1DD-43E9-847C-B33BBC6F6BB1}"
EndProject
Project("{FAE04EC0-301F-11D3-BF4B-00C04F79EFBC}") = "ProjekatLogin.iOS", "ProjekatLogin\ProjekatLogin.iOS\ProjekatLogin.iOS.csproj", "{381F9D35-3377-4D46-AE1B-9B5F24610D37}"
EndProject
Project("{FAE04EC0-301F-11D3-BF4B-00C04F79EFBC}") = "ProjekatLogin", "ProjekatLogin\ProjekatLogin\ProjekatLogin.csproj", "{5B58B929-CDF0-4EE0-A71D-9F93FB612AE8}"
EndProject
Global
	GlobalSection(SolutionConfigurationPlatforms) = preSolution
		Debug|Any CPU = Debug|Any CPU
		Debug|iPhone = Debug|iPhone
		Debug|iPhoneSimulator = Debug|iPhoneSimulator
		Release|Any CPU = Release|Any CPU
		Release|iPhone = Release|iPhone
		Release|iPhoneSimulator = Release|iPhoneSimulator
	EndGlobalSection
	GlobalSection(ProjectConfigurationPlatforms) = postSolution
		{8D0B222F-D1DD-43E9-847C-B33BBC6F6BB1}.Debug|Any CPU.ActiveCfg = Debug|Any CPU
		{8D0B222F-D1DD-43E9-847C-B33BBC6F6BB1}.Debug|Any CPU.Build.0 = Debug|Any CPU
		{8D0B222F-D1DD-43E9-847C-B33BBC6F6BB1}.Debug|Any CPU.Deploy.0 = Debug|Any CPU
		{8D0B222F-D1DD-43E9-847C-B33BBC6F6BB1}.Debug|iPhone.ActiveCfg = Debug|Any CPU
		{8D0B222F-D1DD-43E9-847C-B33BBC6F6BB1}.Debug|iPhone.Build.0 = Debug|Any CPU
		{8D0B222F-D1DD-43E9-847C-B33BBC6F6BB1}.Debug|iPhone.Deploy.0 = Debug|Any CPU
		{8D0B222F-D1DD-43E9-847C-B33BBC6F6BB1}.Debug|iPhoneSimulator.ActiveCfg = Debug|Any CPU
		{8D0B222F-D1DD-43E9-847C-B33BBC6F6BB1}.Debug|iPhoneSimulator.Build.0 = Debug|Any CPU
		{8D0B222F-D1DD-43E9-847C-B33BBC6F6BB1}.Debug|iPhoneSimulator.Deploy.0 = Debug|Any CPU
		{8D0B222F-D1DD-43E9-847C-B33BBC6F6BB1}.Release|Any CPU.ActiveCfg = Release|Any CPU
		{8D0B222F-D1DD-43E9-847C-B33BBC6F6BB1}.Release|Any CPU.Build.0 = Release|Any CPU
		{8D0B222F-D1DD-43E9-847C-B33BBC6F6BB1}.Release|Any CPU.Deploy.0 = Release|Any CPU
		{8D0B222F-D1DD-43E9-847C-B33BBC6F6BB1}.Release|iPhone.ActiveCfg = Release|Any CPU
		{8D0B222F-D1DD-43E9-847C-B33BBC6F6BB1}.Release|iPhone.Build.0 = Release|Any CPU
		{8D0B222F-D1DD-43E9-847C-B33BBC6F6BB1}.Release|iPhone.Deploy.0 = Release|Any CPU
		{8D0B222F-D1DD-43E9-847C-B33BBC6F6BB1}.Release|iPhoneSimulator.ActiveCfg = Release|Any CPU
		{8D0B222F-D1DD-43E9-847C-B33BBC6F6BB1}.Release|iPhoneSimulator.Build.0 = Release|Any CPU
		{8D0B222F-D1DD-43E9-847C-B33BBC6F6BB1}.Release|iPhoneSimulator.Deploy.0 = Release|Any CPU
		{381F9D35-3377-4D46-AE1B-9B5F24610D37}.Debug|Any CPU.ActiveCfg = Debug|iPhone
		{381F9D35-3377-4D46-AE1B-9B5F24610D37}.Debug|Any CPU.Build.0 = Debug|iPhone
		{381F9D35-3377-4D46-AE1B-9B5F24610D37}.Debug|Any CPU.Deploy.0 = Debug|iPhone
		{381F9D35-3377-4D46-AE1B-9B5F24610D37}.Debug|iPhone.ActiveCfg = Debug|iPhone
		{381F9D35-3377-4D46-AE1B-9B5F24610D37}.Debug|iPhone.Build.0 = Debug|iPhone
		{381F9D35-3377-4D46-AE1B-9B5F24610D37}.Debug|iPhone.Deploy.0 = Debug|iPhone
		{381F9D35-3377-4D46-AE1B-9B5F24610D37}.Debug|iPhoneSimulator.ActiveCfg = Debug|iPhoneSimulator
		{381F9D35-3377-4D46-AE1B-9B5F24610D37}.Debug|iPhoneSimulator.Build.0 = Debug|iPhoneSimulator
		{381F9D35-3377-4D46-AE1B-9B5F24610D37}.Debug|iPhoneSimulator.Deploy.0 = Debug|iPhoneSimulator
		{381F9D35-3377-4D46-AE1B-9B5F24610D37}.Release|Any CPU.ActiveCfg = Release|iPhoneSimulator
		{381F9D35-3377-4D46-AE1B-9B5F24610D37}.Release|Any CPU.Build.0 = Release|iPhoneSimulator
		{381F9D35-3377-4D46-AE1B-9B5F24610D37}.Release|Any CPU.Deploy.0 = Release|iPhoneSimulator
		{381F9D35-3377-4D46-AE1B-9B5F24610D37}.Release|iPhone.ActiveCfg = Release|iPhone
		{381F9D35-3377-4D46-AE1B-9B5F24610D37}.Release|iPhone.Build.0 = Release|iPhone
		{381F9D35-3377-4D46-AE1B-9B5F24610D37}.Release|iPhone.Deploy.0 = Release|iPhone
		{381F9D35-3377-4D46-AE1B-9B5F24610D37}.Release|iPhoneSimulator.ActiveCfg = Release|iPhoneSimulator
		{381F9D35-3377-4D46-AE1B-9B5F24610D37}.Release|iPhoneSimulator.Build.0 = Release|iPhoneSimulator
		{381F9D35-3377-4D46-AE1B-9B5F24610D37}.Release|iPhoneSimulator.Deploy.0 = Release|iPhoneSimulator
		{5B58B929-CDF0-4EE0-A71D-9F93FB612AE8}.Debug|Any CPU.ActiveCfg = Debug|Any CPU
		{5B58B929-CDF0-4EE0-A71D-9F93FB612AE8}.Debug|Any CPU.Build.0 = Debug|Any CPU
		{5B58B929-CDF0-4EE0-A71D-9F93FB612AE8}.Debug|Any CPU.Deploy.0 = Debug|Any CPU
		{5B58B929-CDF0-4EE0-A71D-9F93FB612AE8}.Debug|iPhone.ActiveCfg = Debug|Any CPU
		{5B58B929-CDF0-4EE0-A71D-9F93FB612AE8}.Debug|iPhone.Build.0 = Debug|Any CPU
		{5B58B929-CDF0-4EE0-A71D-9F93FB612AE8}.Debug|iPhone.Deploy.0 = Debug|Any CPU
		{5B58B929-CDF0-4EE0-A71D-9F93FB612AE8}.Debug|iPhoneSimulator.ActiveCfg = Debug|Any CPU
		{5B58B929-CDF0-4EE0-A71D-9F93FB612AE8}.Debug|iPhoneSimulator.Build.0 = Debug|Any CPU
		{5B58B929-CDF0-4EE0-A71D-9F93FB612AE8}.Debug|iPhoneSimulator.Deploy.0 = Debug|Any CPU
		{5B58B929-CDF0-4EE0-A71D-9F93FB612AE8}.Release|Any CPU.ActiveCfg = Release|Any CPU
		{5B58B929-CDF0-4EE0-A71D-9F93FB612AE8}.Release|Any CPU.Build.0 = Release|Any CPU
		{5B58B929-CDF0-4EE0-A71D-9F93FB612AE8}.Release|Any CPU.Deploy.0 = Release|Any CPU
		{5B58B929-CDF0-4EE0-A71D-9F93FB612AE8}.Release|iPhone.ActiveCfg = Release|Any CPU
		{5B58B929-CDF0-4EE0-A71D-9F93FB612AE8}.Release|iPhone.Build.0 = Release|Any CPU
		{5B58B929-CDF0-4EE0-A71D-9F93FB612AE8}.Release|iPhone.Deploy.0 = Release|Any CPU
		{5B58B929-CDF0-4EE0-A71D-9F93FB612AE8}.Release|iPhoneSimulator.ActiveCfg = Release|Any CPU
		{5B58B929-CDF0-4EE0-A71D-9F93FB612AE8}.Release|iPhoneSimulator.Build.0 = Release|Any CPU
		{5B58B929-CDF0-4EE0-A71D-9F93FB612AE8}.Release|iPhoneSimulator.Deploy.0 = Release|Any CPU
	EndGlobalSection
	GlobalSection(SolutionProperties) = preSolution
		HideSolutionNode = FALSE
	EndGlobalSection
	GlobalSection(ExtensibilityGlobals) = postSolution
		SolutionGuid = {A40DF762-1E79-4D62-97C8-D7E9C5EBFE41}
	EndGlobalSection
EndGlobal
